// !$*UTF8*$!
{
	archiveVersion = 1;
	classes = {
	};
	objectVersion = 56;
	objects = {

/* Begin PBXBuildFile section */
		DC6B705F2BDD95DB0023BCD2 /* RMLocation.swift in Sources */ = {isa = PBXBuildFile; fileRef = DC6B705E2BDD95DB0023BCD2 /* RMLocation.swift */; };
		DC6B70612BDD95E80023BCD2 /* RMCharacter.swift in Sources */ = {isa = PBXBuildFile; fileRef = DC6B70602BDD95E80023BCD2 /* RMCharacter.swift */; };
		DC6B70632BDD95F60023BCD2 /* RMEpisode.swift in Sources */ = {isa = PBXBuildFile; fileRef = DC6B70622BDD95F60023BCD2 /* RMEpisode.swift */; };
		DC6B70662BDD96AC0023BCD2 /* RMCharacterViewController.swift in Sources */ = {isa = PBXBuildFile; fileRef = DC6B70652BDD96AC0023BCD2 /* RMCharacterViewController.swift */; };
		DC6B70682BDD96E90023BCD2 /* RMLocationViewController.swift in Sources */ = {isa = PBXBuildFile; fileRef = DC6B70672BDD96E90023BCD2 /* RMLocationViewController.swift */; };
		DC6B706A2BDD96FA0023BCD2 /* RMEpisodeViewController.swift in Sources */ = {isa = PBXBuildFile; fileRef = DC6B70692BDD96FA0023BCD2 /* RMEpisodeViewController.swift */; };
		DC6B706C2BDD971F0023BCD2 /* RMSettingsViewController.swift in Sources */ = {isa = PBXBuildFile; fileRef = DC6B706B2BDD971F0023BCD2 /* RMSettingsViewController.swift */; };
		DC6B706E2BDE78150023BCD2 /* RMService.swift in Sources */ = {isa = PBXBuildFile; fileRef = DC6B706D2BDE78150023BCD2 /* RMService.swift */; };
		DC6B70702BDE78240023BCD2 /* RMRequest.swift in Sources */ = {isa = PBXBuildFile; fileRef = DC6B706F2BDE78240023BCD2 /* RMRequest.swift */; };
		DC6B70722BDE78CB0023BCD2 /* RMEndpoint.swift in Sources */ = {isa = PBXBuildFile; fileRef = DC6B70712BDE78CB0023BCD2 /* RMEndpoint.swift */; };
		DC6B70742BDE7EF20023BCD2 /* RMOrigin.swift in Sources */ = {isa = PBXBuildFile; fileRef = DC6B70732BDE7EF20023BCD2 /* RMOrigin.swift */; };
		DC6B70762BDE7F3B0023BCD2 /* RMSingleLocation.swift in Sources */ = {isa = PBXBuildFile; fileRef = DC6B70752BDE7F3B0023BCD2 /* RMSingleLocation.swift */; };
		DC6B70782BDE82F00023BCD2 /* RMCharacterStatus.swift in Sources */ = {isa = PBXBuildFile; fileRef = DC6B70772BDE82F00023BCD2 /* RMCharacterStatus.swift */; };
		DC6B707A2BDE83080023BCD2 /* RMCharacterGender.swift in Sources */ = {isa = PBXBuildFile; fileRef = DC6B70792BDE83080023BCD2 /* RMCharacterGender.swift */; };
		DC6B707E2BDFE03E0023BCD2 /* RMGetAllCharactersResponse.swift in Sources */ = {isa = PBXBuildFile; fileRef = DC6B707D2BDFE03E0023BCD2 /* RMGetAllCharactersResponse.swift */; };
		DC6B70802BDFE3E20023BCD2 /* RMCharacterListViewViewModel.swift in Sources */ = {isa = PBXBuildFile; fileRef = DC6B707F2BDFE3E20023BCD2 /* RMCharacterListViewViewModel.swift */; };
		DC6B70822BDFE4450023BCD2 /* RMCharacterListView.swift in Sources */ = {isa = PBXBuildFile; fileRef = DC6B70812BDFE4450023BCD2 /* RMCharacterListView.swift */; };
		DC6B70842BDFE8DB0023BCD2 /* Extensions.swift in Sources */ = {isa = PBXBuildFile; fileRef = DC6B70832BDFE8DB0023BCD2 /* Extensions.swift */; };
		DC8DC2382BE4CDA700DC0E7C /* RMCharacterInfoCollectionViewCell.swift in Sources */ = {isa = PBXBuildFile; fileRef = DC8DC2372BE4CDA700DC0E7C /* RMCharacterInfoCollectionViewCell.swift */; };
		DC8DC23A2BE4CDC400DC0E7C /* RMCharacterEpisodeCollectionViewCell.swift in Sources */ = {isa = PBXBuildFile; fileRef = DC8DC2392BE4CDC400DC0E7C /* RMCharacterEpisodeCollectionViewCell.swift */; };
		DC8DC23C2BE4CDD300DC0E7C /* RMCharacterPhotoCollectionViewCell.swift in Sources */ = {isa = PBXBuildFile; fileRef = DC8DC23B2BE4CDD300DC0E7C /* RMCharacterPhotoCollectionViewCell.swift */; };
		DC8DC23F2BE4CE4B00DC0E7C /* RMCharacterPhotoCollectionViewCellViewModel.swift in Sources */ = {isa = PBXBuildFile; fileRef = DC8DC23E2BE4CE4B00DC0E7C /* RMCharacterPhotoCollectionViewCellViewModel.swift */; };
		DC8DC2412BE4CE7000DC0E7C /* RMCharacterInfoCollectionViewCellViewModel.swift in Sources */ = {isa = PBXBuildFile; fileRef = DC8DC2402BE4CE7000DC0E7C /* RMCharacterInfoCollectionViewCellViewModel.swift */; };
		DC8DC2432BE4CE8100DC0E7C /* RMCharacterEpisodeCollectionViewCellViewModel.swift in Sources */ = {isa = PBXBuildFile; fileRef = DC8DC2422BE4CE8100DC0E7C /* RMCharacterEpisodeCollectionViewCellViewModel.swift */; };
		DC8DC2452BE515C700DC0E7C /* RMEpisodeDetailViewController.swift in Sources */ = {isa = PBXBuildFile; fileRef = DC8DC2442BE515C700DC0E7C /* RMEpisodeDetailViewController.swift */; };
		DC8DC2472BE5189100DC0E7C /* RMAPICacheManager.swift in Sources */ = {isa = PBXBuildFile; fileRef = DC8DC2462BE5189100DC0E7C /* RMAPICacheManager.swift */; };
		DC8DC2492BE5228A00DC0E7C /* RMEpisodeDetailViewViewModel.swift in Sources */ = {isa = PBXBuildFile; fileRef = DC8DC2482BE5228A00DC0E7C /* RMEpisodeDetailViewViewModel.swift */; };
		DC8DC24B2BE5230200DC0E7C /* RMEpisodeDetailView.swift in Sources */ = {isa = PBXBuildFile; fileRef = DC8DC24A2BE5230200DC0E7C /* RMEpisodeDetailView.swift */; };
		DCA598BA2BE298D2000BB6AC /* RMImageLoader.swift in Sources */ = {isa = PBXBuildFile; fileRef = DCA598B92BE298D2000BB6AC /* RMImageLoader.swift */; };
		DCDE3E6E2BDFF0F600E87013 /* RMCharacterCollectionViewCell.swift in Sources */ = {isa = PBXBuildFile; fileRef = DCDE3E6D2BDFF0F600E87013 /* RMCharacterCollectionViewCell.swift */; };
		DCDE3E702BDFF2C800E87013 /* RMCharacterCollectionViewCellViewModel.swift in Sources */ = {isa = PBXBuildFile; fileRef = DCDE3E6F2BDFF2C800E87013 /* RMCharacterCollectionViewCellViewModel.swift */; };
		DCDE3E732BE01E7A00E87013 /* RMCharacterDetailViewController.swift in Sources */ = {isa = PBXBuildFile; fileRef = DCDE3E722BE01E7A00E87013 /* RMCharacterDetailViewController.swift */; };
		DCDE3E752BE01F2200E87013 /* RMCharacterDetailView.swift in Sources */ = {isa = PBXBuildFile; fileRef = DCDE3E742BE01F2200E87013 /* RMCharacterDetailView.swift */; };
		DCDE3E772BE01F4900E87013 /* RMCharacterDetailViewViewModel.swift in Sources */ = {isa = PBXBuildFile; fileRef = DCDE3E762BE01F4900E87013 /* RMCharacterDetailViewViewModel.swift */; };
		DCDE3E792BE140E600E87013 /* RMFooterLoadingCollectionReusableView.swift in Sources */ = {isa = PBXBuildFile; fileRef = DCDE3E782BE140E600E87013 /* RMFooterLoadingCollectionReusableView.swift */; };
		DCF46BC72BDD8F7E00118EAF /* AppDelegate.swift in Sources */ = {isa = PBXBuildFile; fileRef = DCF46BC62BDD8F7E00118EAF /* AppDelegate.swift */; };
		DCF46BC92BDD8F7E00118EAF /* SceneDelegate.swift in Sources */ = {isa = PBXBuildFile; fileRef = DCF46BC82BDD8F7E00118EAF /* SceneDelegate.swift */; };
		DCF46BCB2BDD8F7E00118EAF /* RMTabViewController.swift in Sources */ = {isa = PBXBuildFile; fileRef = DCF46BCA2BDD8F7E00118EAF /* RMTabViewController.swift */; };
		DCF46BD02BDD8F7F00118EAF /* Assets.xcassets in Resources */ = {isa = PBXBuildFile; fileRef = DCF46BCF2BDD8F7F00118EAF /* Assets.xcassets */; };
		DCF46BD32BDD8F7F00118EAF /* Base in Resources */ = {isa = PBXBuildFile; fileRef = DCF46BD22BDD8F7F00118EAF /* Base */; };
/* End PBXBuildFile section */

/* Begin PBXFileReference section */
		DC6B705E2BDD95DB0023BCD2 /* RMLocation.swift */ = {isa = PBXFileReference; lastKnownFileType = sourcecode.swift; path = RMLocation.swift; sourceTree = "<group>"; };
		DC6B70602BDD95E80023BCD2 /* RMCharacter.swift */ = {isa = PBXFileReference; lastKnownFileType = sourcecode.swift; path = RMCharacter.swift; sourceTree = "<group>"; };
		DC6B70622BDD95F60023BCD2 /* RMEpisode.swift */ = {isa = PBXFileReference; lastKnownFileType = sourcecode.swift; path = RMEpisode.swift; sourceTree = "<group>"; };
		DC6B70652BDD96AC0023BCD2 /* RMCharacterViewController.swift */ = {isa = PBXFileReference; lastKnownFileType = sourcecode.swift; path = RMCharacterViewController.swift; sourceTree = "<group>"; };
		DC6B70672BDD96E90023BCD2 /* RMLocationViewController.swift */ = {isa = PBXFileReference; lastKnownFileType = sourcecode.swift; path = RMLocationViewController.swift; sourceTree = "<group>"; };
		DC6B70692BDD96FA0023BCD2 /* RMEpisodeViewController.swift */ = {isa = PBXFileReference; lastKnownFileType = sourcecode.swift; path = RMEpisodeViewController.swift; sourceTree = "<group>"; };
		DC6B706B2BDD971F0023BCD2 /* RMSettingsViewController.swift */ = {isa = PBXFileReference; lastKnownFileType = sourcecode.swift; path = RMSettingsViewController.swift; sourceTree = "<group>"; };
		DC6B706D2BDE78150023BCD2 /* RMService.swift */ = {isa = PBXFileReference; lastKnownFileType = sourcecode.swift; path = RMService.swift; sourceTree = "<group>"; };
		DC6B706F2BDE78240023BCD2 /* RMRequest.swift */ = {isa = PBXFileReference; lastKnownFileType = sourcecode.swift; path = RMRequest.swift; sourceTree = "<group>"; };
		DC6B70712BDE78CB0023BCD2 /* RMEndpoint.swift */ = {isa = PBXFileReference; lastKnownFileType = sourcecode.swift; path = RMEndpoint.swift; sourceTree = "<group>"; };
		DC6B70732BDE7EF20023BCD2 /* RMOrigin.swift */ = {isa = PBXFileReference; lastKnownFileType = sourcecode.swift; path = RMOrigin.swift; sourceTree = "<group>"; };
		DC6B70752BDE7F3B0023BCD2 /* RMSingleLocation.swift */ = {isa = PBXFileReference; lastKnownFileType = sourcecode.swift; path = RMSingleLocation.swift; sourceTree = "<group>"; };
		DC6B70772BDE82F00023BCD2 /* RMCharacterStatus.swift */ = {isa = PBXFileReference; lastKnownFileType = sourcecode.swift; path = RMCharacterStatus.swift; sourceTree = "<group>"; };
		DC6B70792BDE83080023BCD2 /* RMCharacterGender.swift */ = {isa = PBXFileReference; lastKnownFileType = sourcecode.swift; path = RMCharacterGender.swift; sourceTree = "<group>"; };
		DC6B707D2BDFE03E0023BCD2 /* RMGetAllCharactersResponse.swift */ = {isa = PBXFileReference; lastKnownFileType = sourcecode.swift; path = RMGetAllCharactersResponse.swift; sourceTree = "<group>"; };
		DC6B707F2BDFE3E20023BCD2 /* RMCharacterListViewViewModel.swift */ = {isa = PBXFileReference; lastKnownFileType = sourcecode.swift; path = RMCharacterListViewViewModel.swift; sourceTree = "<group>"; };
		DC6B70812BDFE4450023BCD2 /* RMCharacterListView.swift */ = {isa = PBXFileReference; lastKnownFileType = sourcecode.swift; path = RMCharacterListView.swift; sourceTree = "<group>"; };
		DC6B70832BDFE8DB0023BCD2 /* Extensions.swift */ = {isa = PBXFileReference; lastKnownFileType = sourcecode.swift; path = Extensions.swift; sourceTree = "<group>"; };
		DC8DC2372BE4CDA700DC0E7C /* RMCharacterInfoCollectionViewCell.swift */ = {isa = PBXFileReference; lastKnownFileType = sourcecode.swift; path = RMCharacterInfoCollectionViewCell.swift; sourceTree = "<group>"; };
		DC8DC2392BE4CDC400DC0E7C /* RMCharacterEpisodeCollectionViewCell.swift */ = {isa = PBXFileReference; lastKnownFileType = sourcecode.swift; path = RMCharacterEpisodeCollectionViewCell.swift; sourceTree = "<group>"; };
		DC8DC23B2BE4CDD300DC0E7C /* RMCharacterPhotoCollectionViewCell.swift */ = {isa = PBXFileReference; lastKnownFileType = sourcecode.swift; path = RMCharacterPhotoCollectionViewCell.swift; sourceTree = "<group>"; };
		DC8DC23E2BE4CE4B00DC0E7C /* RMCharacterPhotoCollectionViewCellViewModel.swift */ = {isa = PBXFileReference; lastKnownFileType = sourcecode.swift; path = RMCharacterPhotoCollectionViewCellViewModel.swift; sourceTree = "<group>"; };
		DC8DC2402BE4CE7000DC0E7C /* RMCharacterInfoCollectionViewCellViewModel.swift */ = {isa = PBXFileReference; lastKnownFileType = sourcecode.swift; path = RMCharacterInfoCollectionViewCellViewModel.swift; sourceTree = "<group>"; };
		DC8DC2422BE4CE8100DC0E7C /* RMCharacterEpisodeCollectionViewCellViewModel.swift */ = {isa = PBXFileReference; lastKnownFileType = sourcecode.swift; path = RMCharacterEpisodeCollectionViewCellViewModel.swift; sourceTree = "<group>"; };
		DC8DC2442BE515C700DC0E7C /* RMEpisodeDetailViewController.swift */ = {isa = PBXFileReference; lastKnownFileType = sourcecode.swift; path = RMEpisodeDetailViewController.swift; sourceTree = "<group>"; };
		DC8DC2462BE5189100DC0E7C /* RMAPICacheManager.swift */ = {isa = PBXFileReference; lastKnownFileType = sourcecode.swift; path = RMAPICacheManager.swift; sourceTree = "<group>"; };
		DC8DC2482BE5228A00DC0E7C /* RMEpisodeDetailViewViewModel.swift */ = {isa = PBXFileReference; lastKnownFileType = sourcecode.swift; path = RMEpisodeDetailViewViewModel.swift; sourceTree = "<group>"; };
		DC8DC24A2BE5230200DC0E7C /* RMEpisodeDetailView.swift */ = {isa = PBXFileReference; lastKnownFileType = sourcecode.swift; path = RMEpisodeDetailView.swift; sourceTree = "<group>"; };
		DCA598B92BE298D2000BB6AC /* RMImageLoader.swift */ = {isa = PBXFileReference; lastKnownFileType = sourcecode.swift; path = RMImageLoader.swift; sourceTree = "<group>"; };
		DCDE3E6D2BDFF0F600E87013 /* RMCharacterCollectionViewCell.swift */ = {isa = PBXFileReference; lastKnownFileType = sourcecode.swift; path = RMCharacterCollectionViewCell.swift; sourceTree = "<group>"; };
		DCDE3E6F2BDFF2C800E87013 /* RMCharacterCollectionViewCellViewModel.swift */ = {isa = PBXFileReference; lastKnownFileType = sourcecode.swift; path = RMCharacterCollectionViewCellViewModel.swift; sourceTree = "<group>"; };
		DCDE3E722BE01E7A00E87013 /* RMCharacterDetailViewController.swift */ = {isa = PBXFileReference; lastKnownFileType = sourcecode.swift; path = RMCharacterDetailViewController.swift; sourceTree = "<group>"; };
		DCDE3E742BE01F2200E87013 /* RMCharacterDetailView.swift */ = {isa = PBXFileReference; lastKnownFileType = sourcecode.swift; path = RMCharacterDetailView.swift; sourceTree = "<group>"; };
		DCDE3E762BE01F4900E87013 /* RMCharacterDetailViewViewModel.swift */ = {isa = PBXFileReference; lastKnownFileType = sourcecode.swift; path = RMCharacterDetailViewViewModel.swift; sourceTree = "<group>"; };
		DCDE3E782BE140E600E87013 /* RMFooterLoadingCollectionReusableView.swift */ = {isa = PBXFileReference; lastKnownFileType = sourcecode.swift; path = RMFooterLoadingCollectionReusableView.swift; sourceTree = "<group>"; };
		DCF46BC32BDD8F7E00118EAF /* RickAndMorty.app */ = {isa = PBXFileReference; explicitFileType = wrapper.application; includeInIndex = 0; path = RickAndMorty.app; sourceTree = BUILT_PRODUCTS_DIR; };
		DCF46BC62BDD8F7E00118EAF /* AppDelegate.swift */ = {isa = PBXFileReference; lastKnownFileType = sourcecode.swift; path = AppDelegate.swift; sourceTree = "<group>"; };
		DCF46BC82BDD8F7E00118EAF /* SceneDelegate.swift */ = {isa = PBXFileReference; lastKnownFileType = sourcecode.swift; path = SceneDelegate.swift; sourceTree = "<group>"; };
		DCF46BCA2BDD8F7E00118EAF /* RMTabViewController.swift */ = {isa = PBXFileReference; lastKnownFileType = sourcecode.swift; path = RMTabViewController.swift; sourceTree = "<group>"; };
		DCF46BCF2BDD8F7F00118EAF /* Assets.xcassets */ = {isa = PBXFileReference; lastKnownFileType = folder.assetcatalog; path = Assets.xcassets; sourceTree = "<group>"; };
		DCF46BD22BDD8F7F00118EAF /* Base */ = {isa = PBXFileReference; lastKnownFileType = file.storyboard; name = Base; path = Base.lproj/LaunchScreen.storyboard; sourceTree = "<group>"; };
		DCF46BD42BDD8F7F00118EAF /* Info.plist */ = {isa = PBXFileReference; lastKnownFileType = text.plist.xml; path = Info.plist; sourceTree = "<group>"; };
/* End PBXFileReference section */

/* Begin PBXFrameworksBuildPhase section */
		DCF46BC02BDD8F7E00118EAF /* Frameworks */ = {
			isa = PBXFrameworksBuildPhase;
			buildActionMask = 2147483647;
			files = (
			);
			runOnlyForDeploymentPostprocessing = 0;
		};
/* End PBXFrameworksBuildPhase section */

/* Begin PBXGroup section */
		DC6B70572BDD94FE0023BCD2 /* Controllers */ = {
			isa = PBXGroup;
			children = (
				DCDE3E712BE01E5500E87013 /* Other */,
				DC6B70642BDD96810023BCD2 /* Core */,
			);
			path = Controllers;
			sourceTree = "<group>";
		};
		DC6B70582BDD95060023BCD2 /* Models */ = {
			isa = PBXGroup;
			children = (
				DC6B707C2BDFE0200023BCD2 /* APIResponseTypes */,
				DC6B707B2BDFB2660023BCD2 /* DataTypes */,
			);
			path = Models;
			sourceTree = "<group>";
		};
		DC6B70592BDD950D0023BCD2 /* Views */ = {
			isa = PBXGroup;
			children = (
				DC8DC2352BE4CD5600DC0E7C /* CharacterDetails */,
				DC8DC2362BE4CD6A00DC0E7C /* Character */,
				DCDE3E782BE140E600E87013 /* RMFooterLoadingCollectionReusableView.swift */,
				DC8DC24A2BE5230200DC0E7C /* RMEpisodeDetailView.swift */,
			);
			path = Views;
			sourceTree = "<group>";
		};
		DC6B705A2BDD95140023BCD2 /* ViewModels */ = {
			isa = PBXGroup;
			children = (
				DC8DC23D2BE4CDFA00DC0E7C /* CharacterDetail */,
				DC6B707F2BDFE3E20023BCD2 /* RMCharacterListViewViewModel.swift */,
				DCDE3E6F2BDFF2C800E87013 /* RMCharacterCollectionViewCellViewModel.swift */,
				DC8DC2482BE5228A00DC0E7C /* RMEpisodeDetailViewViewModel.swift */,
			);
			path = ViewModels;
			sourceTree = "<group>";
		};
		DC6B705B2BDD951E0023BCD2 /* Managers */ = {
			isa = PBXGroup;
			children = (
				DCA598B92BE298D2000BB6AC /* RMImageLoader.swift */,
				DC8DC2462BE5189100DC0E7C /* RMAPICacheManager.swift */,
			);
			path = Managers;
			sourceTree = "<group>";
		};
		DC6B705C2BDD952A0023BCD2 /* APIClient */ = {
			isa = PBXGroup;
			children = (
				DC6B706D2BDE78150023BCD2 /* RMService.swift */,
				DC6B706F2BDE78240023BCD2 /* RMRequest.swift */,
				DC6B70712BDE78CB0023BCD2 /* RMEndpoint.swift */,
			);
			path = APIClient;
			sourceTree = "<group>";
		};
		DC6B705D2BDD95400023BCD2 /* Resources */ = {
			isa = PBXGroup;
			children = (
				DCF46BCF2BDD8F7F00118EAF /* Assets.xcassets */,
				DCF46BD12BDD8F7F00118EAF /* LaunchScreen.storyboard */,
				DCF46BC62BDD8F7E00118EAF /* AppDelegate.swift */,
				DCF46BC82BDD8F7E00118EAF /* SceneDelegate.swift */,
				DC6B70832BDFE8DB0023BCD2 /* Extensions.swift */,
			);
			path = Resources;
			sourceTree = "<group>";
		};
		DC6B70642BDD96810023BCD2 /* Core */ = {
			isa = PBXGroup;
			children = (
				DCF46BCA2BDD8F7E00118EAF /* RMTabViewController.swift */,
				DC6B70652BDD96AC0023BCD2 /* RMCharacterViewController.swift */,
				DC6B70672BDD96E90023BCD2 /* RMLocationViewController.swift */,
				DC6B70692BDD96FA0023BCD2 /* RMEpisodeViewController.swift */,
				DC6B706B2BDD971F0023BCD2 /* RMSettingsViewController.swift */,
			);
			path = Core;
			sourceTree = "<group>";
		};
		DC6B707B2BDFB2660023BCD2 /* DataTypes */ = {
			isa = PBXGroup;
			children = (
				DC6B705E2BDD95DB0023BCD2 /* RMLocation.swift */,
				DC6B70602BDD95E80023BCD2 /* RMCharacter.swift */,
				DC6B70622BDD95F60023BCD2 /* RMEpisode.swift */,
				DC6B70732BDE7EF20023BCD2 /* RMOrigin.swift */,
				DC6B70752BDE7F3B0023BCD2 /* RMSingleLocation.swift */,
				DC6B70772BDE82F00023BCD2 /* RMCharacterStatus.swift */,
				DC6B70792BDE83080023BCD2 /* RMCharacterGender.swift */,
			);
			path = DataTypes;
			sourceTree = "<group>";
		};
		DC6B707C2BDFE0200023BCD2 /* APIResponseTypes */ = {
			isa = PBXGroup;
			children = (
				DC6B707D2BDFE03E0023BCD2 /* RMGetAllCharactersResponse.swift */,
			);
			path = APIResponseTypes;
			sourceTree = "<group>";
		};
		DC8DC2352BE4CD5600DC0E7C /* CharacterDetails */ = {
			isa = PBXGroup;
			children = (
				DCDE3E742BE01F2200E87013 /* RMCharacterDetailView.swift */,
				DC8DC23B2BE4CDD300DC0E7C /* RMCharacterPhotoCollectionViewCell.swift */,
				DC8DC2372BE4CDA700DC0E7C /* RMCharacterInfoCollectionViewCell.swift */,
				DC8DC2392BE4CDC400DC0E7C /* RMCharacterEpisodeCollectionViewCell.swift */,
			);
			path = CharacterDetails;
			sourceTree = "<group>";
		};
		DC8DC2362BE4CD6A00DC0E7C /* Character */ = {
			isa = PBXGroup;
			children = (
				DC6B70812BDFE4450023BCD2 /* RMCharacterListView.swift */,
				DCDE3E6D2BDFF0F600E87013 /* RMCharacterCollectionViewCell.swift */,
			);
			path = Character;
			sourceTree = "<group>";
		};
		DC8DC23D2BE4CDFA00DC0E7C /* CharacterDetail */ = {
			isa = PBXGroup;
			children = (
				DCDE3E762BE01F4900E87013 /* RMCharacterDetailViewViewModel.swift */,
				DC8DC23E2BE4CE4B00DC0E7C /* RMCharacterPhotoCollectionViewCellViewModel.swift */,
				DC8DC2402BE4CE7000DC0E7C /* RMCharacterInfoCollectionViewCellViewModel.swift */,
				DC8DC2422BE4CE8100DC0E7C /* RMCharacterEpisodeCollectionViewCellViewModel.swift */,
			);
			path = CharacterDetail;
			sourceTree = "<group>";
		};
		DCDE3E712BE01E5500E87013 /* Other */ = {
			isa = PBXGroup;
			children = (
				DCDE3E722BE01E7A00E87013 /* RMCharacterDetailViewController.swift */,
				DC8DC2442BE515C700DC0E7C /* RMEpisodeDetailViewController.swift */,
			);
			path = Other;
			sourceTree = "<group>";
		};
		DCF46BBA2BDD8F7E00118EAF = {
			isa = PBXGroup;
			children = (
				DCF46BC52BDD8F7E00118EAF /* RickAndMorty */,
				DCF46BC42BDD8F7E00118EAF /* Products */,
			);
			sourceTree = "<group>";
		};
		DCF46BC42BDD8F7E00118EAF /* Products */ = {
			isa = PBXGroup;
			children = (
				DCF46BC32BDD8F7E00118EAF /* RickAndMorty.app */,
			);
			name = Products;
			sourceTree = "<group>";
		};
		DCF46BC52BDD8F7E00118EAF /* RickAndMorty */ = {
			isa = PBXGroup;
			children = (
				DC6B705D2BDD95400023BCD2 /* Resources */,
				DC6B705B2BDD951E0023BCD2 /* Managers */,
				DC6B705C2BDD952A0023BCD2 /* APIClient */,
				DC6B705A2BDD95140023BCD2 /* ViewModels */,
				DC6B70592BDD950D0023BCD2 /* Views */,
				DC6B70582BDD95060023BCD2 /* Models */,
				DC6B70572BDD94FE0023BCD2 /* Controllers */,
				DCF46BD42BDD8F7F00118EAF /* Info.plist */,
			);
			path = RickAndMorty;
			sourceTree = "<group>";
		};
/* End PBXGroup section */

/* Begin PBXNativeTarget section */
		DCF46BC22BDD8F7E00118EAF /* RickAndMorty */ = {
			isa = PBXNativeTarget;
			buildConfigurationList = DCF46BD72BDD8F7F00118EAF /* Build configuration list for PBXNativeTarget "RickAndMorty" */;
			buildPhases = (
				DCF46BBF2BDD8F7E00118EAF /* Sources */,
				DCF46BC02BDD8F7E00118EAF /* Frameworks */,
				DCF46BC12BDD8F7E00118EAF /* Resources */,
			);
			buildRules = (
			);
			dependencies = (
			);
			name = RickAndMorty;
			productName = RickAndMorti;
			productReference = DCF46BC32BDD8F7E00118EAF /* RickAndMorty.app */;
			productType = "com.apple.product-type.application";
		};
/* End PBXNativeTarget section */

/* Begin PBXProject section */
		DCF46BBB2BDD8F7E00118EAF /* Project object */ = {
			isa = PBXProject;
			attributes = {
				BuildIndependentTargetsInParallel = 1;
				LastSwiftUpdateCheck = 1530;
				LastUpgradeCheck = 1530;
				TargetAttributes = {
					DCF46BC22BDD8F7E00118EAF = {
						CreatedOnToolsVersion = 15.3;
					};
				};
			};
			buildConfigurationList = DCF46BBE2BDD8F7E00118EAF /* Build configuration list for PBXProject "RickAndMorty" */;
			compatibilityVersion = "Xcode 14.0";
			developmentRegion = en;
			hasScannedForEncodings = 0;
			knownRegions = (
				en,
				Base,
			);
			mainGroup = DCF46BBA2BDD8F7E00118EAF;
			productRefGroup = DCF46BC42BDD8F7E00118EAF /* Products */;
			projectDirPath = "";
			projectRoot = "";
			targets = (
				DCF46BC22BDD8F7E00118EAF /* RickAndMorty */,
			);
		};
/* End PBXProject section */

/* Begin PBXResourcesBuildPhase section */
		DCF46BC12BDD8F7E00118EAF /* Resources */ = {
			isa = PBXResourcesBuildPhase;
			buildActionMask = 2147483647;
			files = (
				DCF46BD02BDD8F7F00118EAF /* Assets.xcassets in Resources */,
				DCF46BD32BDD8F7F00118EAF /* Base in Resources */,
			);
			runOnlyForDeploymentPostprocessing = 0;
		};
/* End PBXResourcesBuildPhase section */

/* Begin PBXSourcesBuildPhase section */
		DCF46BBF2BDD8F7E00118EAF /* Sources */ = {
			isa = PBXSourcesBuildPhase;
			buildActionMask = 2147483647;
			files = (
				DC6B70742BDE7EF20023BCD2 /* RMOrigin.swift in Sources */,
				DCDE3E772BE01F4900E87013 /* RMCharacterDetailViewViewModel.swift in Sources */,
				DC6B70762BDE7F3B0023BCD2 /* RMSingleLocation.swift in Sources */,
				DC6B70822BDFE4450023BCD2 /* RMCharacterListView.swift in Sources */,
				DC6B707E2BDFE03E0023BCD2 /* RMGetAllCharactersResponse.swift in Sources */,
				DC6B70782BDE82F00023BCD2 /* RMCharacterStatus.swift in Sources */,
				DC6B70682BDD96E90023BCD2 /* RMLocationViewController.swift in Sources */,
				DCDE3E732BE01E7A00E87013 /* RMCharacterDetailViewController.swift in Sources */,
				DCDE3E792BE140E600E87013 /* RMFooterLoadingCollectionReusableView.swift in Sources */,
				DCF46BCB2BDD8F7E00118EAF /* RMTabViewController.swift in Sources */,
				DCF46BC72BDD8F7E00118EAF /* AppDelegate.swift in Sources */,
				DC6B706A2BDD96FA0023BCD2 /* RMEpisodeViewController.swift in Sources */,
				DCDE3E6E2BDFF0F600E87013 /* RMCharacterCollectionViewCell.swift in Sources */,
				DC8DC2492BE5228A00DC0E7C /* RMEpisodeDetailViewViewModel.swift in Sources */,
				DC6B70842BDFE8DB0023BCD2 /* Extensions.swift in Sources */,
				DC8DC2412BE4CE7000DC0E7C /* RMCharacterInfoCollectionViewCellViewModel.swift in Sources */,
				DCA598BA2BE298D2000BB6AC /* RMImageLoader.swift in Sources */,
				DC6B70632BDD95F60023BCD2 /* RMEpisode.swift in Sources */,
				DCF46BC92BDD8F7E00118EAF /* SceneDelegate.swift in Sources */,
				DC8DC23C2BE4CDD300DC0E7C /* RMCharacterPhotoCollectionViewCell.swift in Sources */,
				DC8DC2382BE4CDA700DC0E7C /* RMCharacterInfoCollectionViewCell.swift in Sources */,
				DC8DC2432BE4CE8100DC0E7C /* RMCharacterEpisodeCollectionViewCellViewModel.swift in Sources */,
				DC6B706C2BDD971F0023BCD2 /* RMSettingsViewController.swift in Sources */,
				DC6B707A2BDE83080023BCD2 /* RMCharacterGender.swift in Sources */,
				DC8DC23F2BE4CE4B00DC0E7C /* RMCharacterPhotoCollectionViewCellViewModel.swift in Sources */,
				DC6B706E2BDE78150023BCD2 /* RMService.swift in Sources */,
				DC6B705F2BDD95DB0023BCD2 /* RMLocation.swift in Sources */,
				DC6B70722BDE78CB0023BCD2 /* RMEndpoint.swift in Sources */,
				DC8DC24B2BE5230200DC0E7C /* RMEpisodeDetailView.swift in Sources */,
				DC8DC2452BE515C700DC0E7C /* RMEpisodeDetailViewController.swift in Sources */,
				DC6B70612BDD95E80023BCD2 /* RMCharacter.swift in Sources */,
				DCDE3E702BDFF2C800E87013 /* RMCharacterCollectionViewCellViewModel.swift in Sources */,
				DC6B70702BDE78240023BCD2 /* RMRequest.swift in Sources */,
				DC6B70802BDFE3E20023BCD2 /* RMCharacterListViewViewModel.swift in Sources */,
				DC8DC23A2BE4CDC400DC0E7C /* RMCharacterEpisodeCollectionViewCell.swift in Sources */,
				DC6B70662BDD96AC0023BCD2 /* RMCharacterViewController.swift in Sources */,
				DC8DC2472BE5189100DC0E7C /* RMAPICacheManager.swift in Sources */,
				DCDE3E752BE01F2200E87013 /* RMCharacterDetailView.swift in Sources */,
			);
			runOnlyForDeploymentPostprocessing = 0;
		};
/* End PBXSourcesBuildPhase section */

/* Begin PBXVariantGroup section */
		DCF46BD12BDD8F7F00118EAF /* LaunchScreen.storyboard */ = {
			isa = PBXVariantGroup;
			children = (
				DCF46BD22BDD8F7F00118EAF /* Base */,
			);
			name = LaunchScreen.storyboard;
			sourceTree = "<group>";
		};
/* End PBXVariantGroup section */

/* Begin XCBuildConfiguration section */
		DCF46BD52BDD8F7F00118EAF /* Debug */ = {
			isa = XCBuildConfiguration;
			buildSettings = {
				ALWAYS_SEARCH_USER_PATHS = NO;
				ASSETCATALOG_COMPILER_GENERATE_SWIFT_ASSET_SYMBOL_EXTENSIONS = YES;
				CLANG_ANALYZER_NONNULL = YES;
				CLANG_ANALYZER_NUMBER_OBJECT_CONVERSION = YES_AGGRESSIVE;
				CLANG_CXX_LANGUAGE_STANDARD = "gnu++20";
				CLANG_ENABLE_MODULES = YES;
				CLANG_ENABLE_OBJC_ARC = YES;
				CLANG_ENABLE_OBJC_WEAK = YES;
				CLANG_WARN_BLOCK_CAPTURE_AUTORELEASING = YES;
				CLANG_WARN_BOOL_CONVERSION = YES;
				CLANG_WARN_COMMA = YES;
				CLANG_WARN_CONSTANT_CONVERSION = YES;
				CLANG_WARN_DEPRECATED_OBJC_IMPLEMENTATIONS = YES;
				CLANG_WARN_DIRECT_OBJC_ISA_USAGE = YES_ERROR;
				CLANG_WARN_DOCUMENTATION_COMMENTS = YES;
				CLANG_WARN_EMPTY_BODY = YES;
				CLANG_WARN_ENUM_CONVERSION = YES;
				CLANG_WARN_INFINITE_RECURSION = YES;
				CLANG_WARN_INT_CONVERSION = YES;
				CLANG_WARN_NON_LITERAL_NULL_CONVERSION = YES;
				CLANG_WARN_OBJC_IMPLICIT_RETAIN_SELF = YES;
				CLANG_WARN_OBJC_LITERAL_CONVERSION = YES;
				CLANG_WARN_OBJC_ROOT_CLASS = YES_ERROR;
				CLANG_WARN_QUOTED_INCLUDE_IN_FRAMEWORK_HEADER = YES;
				CLANG_WARN_RANGE_LOOP_ANALYSIS = YES;
				CLANG_WARN_STRICT_PROTOTYPES = YES;
				CLANG_WARN_SUSPICIOUS_MOVE = YES;
				CLANG_WARN_UNGUARDED_AVAILABILITY = YES_AGGRESSIVE;
				CLANG_WARN_UNREACHABLE_CODE = YES;
				CLANG_WARN__DUPLICATE_METHOD_MATCH = YES;
				COPY_PHASE_STRIP = NO;
				DEBUG_INFORMATION_FORMAT = dwarf;
				ENABLE_STRICT_OBJC_MSGSEND = YES;
				ENABLE_TESTABILITY = YES;
				ENABLE_USER_SCRIPT_SANDBOXING = YES;
				GCC_C_LANGUAGE_STANDARD = gnu17;
				GCC_DYNAMIC_NO_PIC = NO;
				GCC_NO_COMMON_BLOCKS = YES;
				GCC_OPTIMIZATION_LEVEL = 0;
				GCC_PREPROCESSOR_DEFINITIONS = (
					"DEBUG=1",
					"$(inherited)",
				);
				GCC_WARN_64_TO_32_BIT_CONVERSION = YES;
				GCC_WARN_ABOUT_RETURN_TYPE = YES_ERROR;
				GCC_WARN_UNDECLARED_SELECTOR = YES;
				GCC_WARN_UNINITIALIZED_AUTOS = YES_AGGRESSIVE;
				GCC_WARN_UNUSED_FUNCTION = YES;
				GCC_WARN_UNUSED_VARIABLE = YES;
				IPHONEOS_DEPLOYMENT_TARGET = 16.0;
				LOCALIZATION_PREFERS_STRING_CATALOGS = YES;
				MTL_ENABLE_DEBUG_INFO = INCLUDE_SOURCE;
				MTL_FAST_MATH = YES;
				ONLY_ACTIVE_ARCH = YES;
				SDKROOT = iphoneos;
				SWIFT_ACTIVE_COMPILATION_CONDITIONS = "DEBUG $(inherited)";
				SWIFT_OPTIMIZATION_LEVEL = "-Onone";
			};
			name = Debug;
		};
		DCF46BD62BDD8F7F00118EAF /* Release */ = {
			isa = XCBuildConfiguration;
			buildSettings = {
				ALWAYS_SEARCH_USER_PATHS = NO;
				ASSETCATALOG_COMPILER_GENERATE_SWIFT_ASSET_SYMBOL_EXTENSIONS = YES;
				CLANG_ANALYZER_NONNULL = YES;
				CLANG_ANALYZER_NUMBER_OBJECT_CONVERSION = YES_AGGRESSIVE;
				CLANG_CXX_LANGUAGE_STANDARD = "gnu++20";
				CLANG_ENABLE_MODULES = YES;
				CLANG_ENABLE_OBJC_ARC = YES;
				CLANG_ENABLE_OBJC_WEAK = YES;
				CLANG_WARN_BLOCK_CAPTURE_AUTORELEASING = YES;
				CLANG_WARN_BOOL_CONVERSION = YES;
				CLANG_WARN_COMMA = YES;
				CLANG_WARN_CONSTANT_CONVERSION = YES;
				CLANG_WARN_DEPRECATED_OBJC_IMPLEMENTATIONS = YES;
				CLANG_WARN_DIRECT_OBJC_ISA_USAGE = YES_ERROR;
				CLANG_WARN_DOCUMENTATION_COMMENTS = YES;
				CLANG_WARN_EMPTY_BODY = YES;
				CLANG_WARN_ENUM_CONVERSION = YES;
				CLANG_WARN_INFINITE_RECURSION = YES;
				CLANG_WARN_INT_CONVERSION = YES;
				CLANG_WARN_NON_LITERAL_NULL_CONVERSION = YES;
				CLANG_WARN_OBJC_IMPLICIT_RETAIN_SELF = YES;
				CLANG_WARN_OBJC_LITERAL_CONVERSION = YES;
				CLANG_WARN_OBJC_ROOT_CLASS = YES_ERROR;
				CLANG_WARN_QUOTED_INCLUDE_IN_FRAMEWORK_HEADER = YES;
				CLANG_WARN_RANGE_LOOP_ANALYSIS = YES;
				CLANG_WARN_STRICT_PROTOTYPES = YES;
				CLANG_WARN_SUSPICIOUS_MOVE = YES;
				CLANG_WARN_UNGUARDED_AVAILABILITY = YES_AGGRESSIVE;
				CLANG_WARN_UNREACHABLE_CODE = YES;
				CLANG_WARN__DUPLICATE_METHOD_MATCH = YES;
				COPY_PHASE_STRIP = NO;
				DEBUG_INFORMATION_FORMAT = "dwarf-with-dsym";
				ENABLE_NS_ASSERTIONS = NO;
				ENABLE_STRICT_OBJC_MSGSEND = YES;
				ENABLE_USER_SCRIPT_SANDBOXING = YES;
				GCC_C_LANGUAGE_STANDARD = gnu17;
				GCC_NO_COMMON_BLOCKS = YES;
				GCC_WARN_64_TO_32_BIT_CONVERSION = YES;
				GCC_WARN_ABOUT_RETURN_TYPE = YES_ERROR;
				GCC_WARN_UNDECLARED_SELECTOR = YES;
				GCC_WARN_UNINITIALIZED_AUTOS = YES_AGGRESSIVE;
				GCC_WARN_UNUSED_FUNCTION = YES;
				GCC_WARN_UNUSED_VARIABLE = YES;
				IPHONEOS_DEPLOYMENT_TARGET = 16.0;
				LOCALIZATION_PREFERS_STRING_CATALOGS = YES;
				MTL_ENABLE_DEBUG_INFO = NO;
				MTL_FAST_MATH = YES;
				SDKROOT = iphoneos;
				SWIFT_COMPILATION_MODE = wholemodule;
				VALIDATE_PRODUCT = YES;
			};
			name = Release;
		};
		DCF46BD82BDD8F7F00118EAF /* Debug */ = {
			isa = XCBuildConfiguration;
			buildSettings = {
				ASSETCATALOG_COMPILER_APPICON_NAME = AppIcon;
				ASSETCATALOG_COMPILER_GLOBAL_ACCENT_COLOR_NAME = AccentColor;
				CODE_SIGN_STYLE = Automatic;
				CURRENT_PROJECT_VERSION = 1;
				DEVELOPMENT_TEAM = F7XUWMJPAL;
				GENERATE_INFOPLIST_FILE = YES;
				INFOPLIST_FILE = RickAndMorty/Info.plist;
				INFOPLIST_KEY_UIApplicationSupportsIndirectInputEvents = YES;
				INFOPLIST_KEY_UILaunchStoryboardName = LaunchScreen;
				INFOPLIST_KEY_UISupportedInterfaceOrientations = "UIInterfaceOrientationLandscapeLeft UIInterfaceOrientationLandscapeRight UIInterfaceOrientationPortrait";
				INFOPLIST_KEY_UISupportedInterfaceOrientations_iPad = "UIInterfaceOrientationLandscapeLeft UIInterfaceOrientationLandscapeRight";
				LD_RUNPATH_SEARCH_PATHS = (
					"$(inherited)",
					"@executable_path/Frameworks",
				);
				MARKETING_VERSION = 1.0;
				PRODUCT_BUNDLE_IDENTIFIER = com.iaxelrad.RickAndMorty;
				PRODUCT_NAME = "$(TARGET_NAME)";
				SUPPORTED_PLATFORMS = "iphoneos iphonesimulator";
				SUPPORTS_MACCATALYST = NO;
				SUPPORTS_MAC_DESIGNED_FOR_IPHONE_IPAD = NO;
				SUPPORTS_XR_DESIGNED_FOR_IPHONE_IPAD = NO;
				SWIFT_EMIT_LOC_STRINGS = YES;
				SWIFT_VERSION = 5.0;
				TARGETED_DEVICE_FAMILY = 1;
			};
			name = Debug;
		};
		DCF46BD92BDD8F7F00118EAF /* Release */ = {
			isa = XCBuildConfiguration;
			buildSettings = {
				ASSETCATALOG_COMPILER_APPICON_NAME = AppIcon;
				ASSETCATALOG_COMPILER_GLOBAL_ACCENT_COLOR_NAME = AccentColor;
				CODE_SIGN_STYLE = Automatic;
				CURRENT_PROJECT_VERSION = 1;
				DEVELOPMENT_TEAM = F7XUWMJPAL;
				GENERATE_INFOPLIST_FILE = YES;
				INFOPLIST_FILE = RickAndMorty/Info.plist;
				INFOPLIST_KEY_UIApplicationSupportsIndirectInputEvents = YES;
				INFOPLIST_KEY_UILaunchStoryboardName = LaunchScreen;
				INFOPLIST_KEY_UISupportedInterfaceOrientations = "UIInterfaceOrientationLandscapeLeft UIInterfaceOrientationLandscapeRight UIInterfaceOrientationPortrait";
				INFOPLIST_KEY_UISupportedInterfaceOrientations_iPad = "UIInterfaceOrientationLandscapeLeft UIInterfaceOrientationLandscapeRight";
				LD_RUNPATH_SEARCH_PATHS = (
					"$(inherited)",
					"@executable_path/Frameworks",
				);
				MARKETING_VERSION = 1.0;
				PRODUCT_BUNDLE_IDENTIFIER = com.iaxelrad.RickAndMorty;
				PRODUCT_NAME = "$(TARGET_NAME)";
				SUPPORTED_PLATFORMS = "iphoneos iphonesimulator";
				SUPPORTS_MACCATALYST = NO;
				SUPPORTS_MAC_DESIGNED_FOR_IPHONE_IPAD = NO;
				SUPPORTS_XR_DESIGNED_FOR_IPHONE_IPAD = NO;
				SWIFT_EMIT_LOC_STRINGS = YES;
				SWIFT_VERSION = 5.0;
				TARGETED_DEVICE_FAMILY = 1;
			};
			name = Release;
		};
/* End XCBuildConfiguration section */

/* Begin XCConfigurationList section */
		DCF46BBE2BDD8F7E00118EAF /* Build configuration list for PBXProject "RickAndMorty" */ = {
			isa = XCConfigurationList;
			buildConfigurations = (
				DCF46BD52BDD8F7F00118EAF /* Debug */,
				DCF46BD62BDD8F7F00118EAF /* Release */,
			);
			defaultConfigurationIsVisible = 0;
			defaultConfigurationName = Release;
		};
		DCF46BD72BDD8F7F00118EAF /* Build configuration list for PBXNativeTarget "RickAndMorty" */ = {
			isa = XCConfigurationList;
			buildConfigurations = (
				DCF46BD82BDD8F7F00118EAF /* Debug */,
				DCF46BD92BDD8F7F00118EAF /* Release */,
			);
			defaultConfigurationIsVisible = 0;
			defaultConfigurationName = Release;
		};
/* End XCConfigurationList section */
	};
	rootObject = DCF46BBB2BDD8F7E00118EAF /* Project object */;
}
